<?xml version="1.0" encoding="utf-8"?>
<Project ToolsVersion="4.0" xmlns="http://schemas.microsoft.com/developer/msbuild/2003">
  <ItemGroup>
    <Filter Include="Common">
      <UniqueIdentifier>{c977db2a-31fd-45f5-bb30-1c7ab7f5f1f0}</UniqueIdentifier>
    </Filter>
  </ItemGroup>
  <ItemGroup>
    <ClCompile Include="DeviceResources.cpp">
      <Filter>Common</Filter>
    </ClCompile>
    <ClCompile Include="JSONManager.cpp">
      <Filter>Common</Filter>
    </ClCompile>
    <ClCompile Include="TextureManager.cpp">
      <Filter>Common</Filter>
    </ClCompile>
    <ClCompile Include="Utility.cpp">
      <Filter>Common</Filter>
    </ClCompile>
    <ClCompile Include="Main.cpp">
      <Filter>Common</Filter>
    </ClCompile>
    <ClCompile Include="pch.cpp">
      <Filter>Common</Filter>
    </ClCompile>
    <ClCompile Include="Actor.cpp">
      <Filter>Common</Filter>
    </ClCompile>
    <ClCompile Include="ActorManager.cpp">
      <Filter>Common</Filter>
    </ClCompile>
    <ClCompile Include="AnimatedActor.cpp">
      <Filter>Common</Filter>
    </ClCompile>
    <ClCompile Include="Game.cpp">
      <Filter>Common</Filter>
    </ClCompile>
  </ItemGroup>
  <ItemGroup>
    <ClInclude Include="DeviceResources.h">
      <Filter>Common</Filter>
    </ClInclude>
    <ClInclude Include="JSONManager.h">
      <Filter>Common</Filter>
    </ClInclude>
    <ClInclude Include="TextureManager.h">
      <Filter>Common</Filter>
    </ClInclude>
    <ClInclude Include="Utility.h">
      <Filter>Common</Filter>
    </ClInclude>
    <ClInclude Include="pch.h">
      <Filter>Common</Filter>
    </ClInclude>
    <ClInclude Include="StepTimer.h">
      <Filter>Common</Filter>
    </ClInclude>
    <ClInclude Include="Actor.h">
      <Filter>Common</Filter>
    </ClInclude>
    <ClInclude Include="ActorManager.h">
      <Filter>Common</Filter>
    </ClInclude>
    <ClInclude Include="AnimatedActor.h">
      <Filter>Common</Filter>
    </ClInclude>
    <ClInclude Include="Game.h">
      <Filter>Common</Filter>
    </ClInclude>
  </ItemGroup>
  <ItemGroup>
    <None Include="packages.config" />
  </ItemGroup>
</Project>